
Microsoft Visual Studio Solution File, Format Version 12.00
# Visual Studio 14
VisualStudioVersion = 14.0.25123.0
MinimumVisualStudioVersion = 10.0.40219.1
Project("{FAE04EC0-301F-11D3-BF4B-00C04F79EFBC}") = "CreationalPatterns", "CreationalPatterns\CreationalPatterns.csproj", "{BD5FD4B7-0997-4087-8BDA-A5EC201EFE88}"
EndProject
Project("{FAE04EC0-301F-11D3-BF4B-00C04F79EFBC}") = "CreationalPatterns.Tests", "CreationalPatterns.Tests\CreationalPatterns.Tests.csproj", "{10253005-9FE2-4F58-B364-A78F0F6DA958}"
EndProject
Global
	GlobalSection(SolutionConfigurationPlatforms) = preSolution
		Debug|Any CPU = Debug|Any CPU
		Release|Any CPU = Release|Any CPU
	EndGlobalSection
	GlobalSection(ProjectConfigurationPlatforms) = postSolution
		{BD5FD4B7-0997-4087-8BDA-A5EC201EFE88}.Debug|Any CPU.ActiveCfg = Debug|Any CPU
		{BD5FD4B7-0997-4087-8BDA-A5EC201EFE88}.Debug|Any CPU.Build.0 = Debug|Any CPU
		{BD5FD4B7-0997-4087-8BDA-A5EC201EFE88}.Release|Any CPU.ActiveCfg = Release|Any CPU
		{BD5FD4B7-0997-4087-8BDA-A5EC201EFE88}.Release|Any CPU.Build.0 = Release|Any CPU
		{10253005-9FE2-4F58-B364-A78F0F6DA958}.Debug|Any CPU.ActiveCfg = Debug|Any CPU
		{10253005-9FE2-4F58-B364-A78F0F6DA958}.Debug|Any CPU.Build.0 = Debug|Any CPU
		{10253005-9FE2-4F58-B364-A78F0F6DA958}.Release|Any CPU.ActiveCfg = Release|Any CPU
		{10253005-9FE2-4F58-B364-A78F0F6DA958}.Release|Any CPU.Build.0 = Release|Any CPU
	EndGlobalSection
	GlobalSection(SolutionProperties) = preSolution
		HideSolutionNode = FALSE
	EndGlobalSection
EndGlobal
